
Microsoft Visual Studio Solution File, Format Version 12.00
# Visual Studio Version 17
VisualStudioVersion = 17.11.35219.272
MinimumVisualStudioVersion = 10.0.40219.1
Project("{2150E333-8FDC-42A3-9474-1A3956D46DE8}") = "Элементы решения", "Элементы решения", "{8DCACD1D-AF90-44D2-84B0-A04D09370584}"
	ProjectSection(SolutionItems) = preProject
		.gitattributes = .gitattributes
		.gitignore = .gitignore
	EndProjectSection
EndProject
Project("{9A19103F-16F7-4668-BE54-9A1E7A4F7556}") = "DriveFromOutside", "DriveFromOutside\DriveFromOutside.csproj", "{169BD492-F4AC-43D8-8AB5-FB1A058B3BE5}"
EndProject
Project("{2150E333-8FDC-42A3-9474-1A3956D46DE8}") = "Solution Items", "Solution Items", "{3CA77752-C4D0-4C92-89FE-CB3E5221DD07}"
	ProjectSection(SolutionItems) = preProject
		.editorconfig = .editorconfig
	EndProjectSection
EndProject
Project("{9A19103F-16F7-4668-BE54-9A1E7A4F7556}") = "BatchExport", "BatchExport\BatchExport.csproj", "{1A23B22C-8CB9-4EF3-BD84-228F7565DFDD}"
EndProject
Project("{FAE04EC0-301F-11D3-BF4B-00C04F79EFBC}") = "DriveFromOutsideServer", "DriveFromOutsideServer\DriveFromOutsideServer.csproj", "{FF3976BD-CED9-4704-BF7F-26FC0496A5B2}"
EndProject
Global
	GlobalSection(SolutionConfigurationPlatforms) = preSolution
		Debug R25|Any CPU = Debug R25|Any CPU
		Debug|Any CPU = Debug|Any CPU
		Release R19|Any CPU = Release R19|Any CPU
		Release R20|Any CPU = Release R20|Any CPU
		Release R21|Any CPU = Release R21|Any CPU
		Release R22|Any CPU = Release R22|Any CPU
		Release R23|Any CPU = Release R23|Any CPU
		Release R24|Any CPU = Release R24|Any CPU
		Release R25|Any CPU = Release R25|Any CPU
		Release|Any CPU = Release|Any CPU
	EndGlobalSection
	GlobalSection(ProjectConfigurationPlatforms) = postSolution
		{169BD492-F4AC-43D8-8AB5-FB1A058B3BE5}.Debug R25|Any CPU.ActiveCfg = Debug R25|Any CPU
		{169BD492-F4AC-43D8-8AB5-FB1A058B3BE5}.Debug R25|Any CPU.Build.0 = Debug R25|Any CPU
		{169BD492-F4AC-43D8-8AB5-FB1A058B3BE5}.Debug|Any CPU.ActiveCfg = Debug R25|Any CPU
		{169BD492-F4AC-43D8-8AB5-FB1A058B3BE5}.Debug|Any CPU.Build.0 = Debug R25|Any CPU
		{169BD492-F4AC-43D8-8AB5-FB1A058B3BE5}.Release R19|Any CPU.ActiveCfg = Release R19|Any CPU
		{169BD492-F4AC-43D8-8AB5-FB1A058B3BE5}.Release R19|Any CPU.Build.0 = Release R19|Any CPU
		{169BD492-F4AC-43D8-8AB5-FB1A058B3BE5}.Release R20|Any CPU.ActiveCfg = Release R20|Any CPU
		{169BD492-F4AC-43D8-8AB5-FB1A058B3BE5}.Release R20|Any CPU.Build.0 = Release R20|Any CPU
		{169BD492-F4AC-43D8-8AB5-FB1A058B3BE5}.Release R21|Any CPU.ActiveCfg = Release R21|Any CPU
		{169BD492-F4AC-43D8-8AB5-FB1A058B3BE5}.Release R21|Any CPU.Build.0 = Release R21|Any CPU
		{169BD492-F4AC-43D8-8AB5-FB1A058B3BE5}.Release R22|Any CPU.ActiveCfg = Release R22|Any CPU
		{169BD492-F4AC-43D8-8AB5-FB1A058B3BE5}.Release R22|Any CPU.Build.0 = Release R22|Any CPU
		{169BD492-F4AC-43D8-8AB5-FB1A058B3BE5}.Release R23|Any CPU.ActiveCfg = Release R23|Any CPU
		{169BD492-F4AC-43D8-8AB5-FB1A058B3BE5}.Release R23|Any CPU.Build.0 = Release R23|Any CPU
		{169BD492-F4AC-43D8-8AB5-FB1A058B3BE5}.Release R24|Any CPU.ActiveCfg = Release R24|Any CPU
		{169BD492-F4AC-43D8-8AB5-FB1A058B3BE5}.Release R24|Any CPU.Build.0 = Release R24|Any CPU
		{169BD492-F4AC-43D8-8AB5-FB1A058B3BE5}.Release R25|Any CPU.ActiveCfg = Release R25|Any CPU
		{169BD492-F4AC-43D8-8AB5-FB1A058B3BE5}.Release R25|Any CPU.Build.0 = Release R25|Any CPU
		{169BD492-F4AC-43D8-8AB5-FB1A058B3BE5}.Release|Any CPU.ActiveCfg = Release R25|Any CPU
		{169BD492-F4AC-43D8-8AB5-FB1A058B3BE5}.Release|Any CPU.Build.0 = Release R25|Any CPU
		{1A23B22C-8CB9-4EF3-BD84-228F7565DFDD}.Debug R25|Any CPU.ActiveCfg = Debug R25|Any CPU
		{1A23B22C-8CB9-4EF3-BD84-228F7565DFDD}.Debug R25|Any CPU.Build.0 = Debug R25|Any CPU
		{1A23B22C-8CB9-4EF3-BD84-228F7565DFDD}.Debug|Any CPU.ActiveCfg = Debug R25|Any CPU
		{1A23B22C-8CB9-4EF3-BD84-228F7565DFDD}.Debug|Any CPU.Build.0 = Debug R25|Any CPU
		{1A23B22C-8CB9-4EF3-BD84-228F7565DFDD}.Release R19|Any CPU.ActiveCfg = Release R19|Any CPU
		{1A23B22C-8CB9-4EF3-BD84-228F7565DFDD}.Release R19|Any CPU.Build.0 = Release R19|Any CPU
		{1A23B22C-8CB9-4EF3-BD84-228F7565DFDD}.Release R20|Any CPU.ActiveCfg = Release R20|Any CPU
		{1A23B22C-8CB9-4EF3-BD84-228F7565DFDD}.Release R20|Any CPU.Build.0 = Release R20|Any CPU
		{1A23B22C-8CB9-4EF3-BD84-228F7565DFDD}.Release R21|Any CPU.ActiveCfg = Release R21|Any CPU
		{1A23B22C-8CB9-4EF3-BD84-228F7565DFDD}.Release R21|Any CPU.Build.0 = Release R21|Any CPU
		{1A23B22C-8CB9-4EF3-BD84-228F7565DFDD}.Release R22|Any CPU.ActiveCfg = Release R22|Any CPU
		{1A23B22C-8CB9-4EF3-BD84-228F7565DFDD}.Release R22|Any CPU.Build.0 = Release R22|Any CPU
		{1A23B22C-8CB9-4EF3-BD84-228F7565DFDD}.Release R23|Any CPU.ActiveCfg = Release R23|Any CPU
		{1A23B22C-8CB9-4EF3-BD84-228F7565DFDD}.Release R23|Any CPU.Build.0 = Release R23|Any CPU
		{1A23B22C-8CB9-4EF3-BD84-228F7565DFDD}.Release R24|Any CPU.ActiveCfg = Release R24|Any CPU
		{1A23B22C-8CB9-4EF3-BD84-228F7565DFDD}.Release R24|Any CPU.Build.0 = Release R24|Any CPU
		{1A23B22C-8CB9-4EF3-BD84-228F7565DFDD}.Release R25|Any CPU.ActiveCfg = Release R25|Any CPU
		{1A23B22C-8CB9-4EF3-BD84-228F7565DFDD}.Release R25|Any CPU.Build.0 = Release R25|Any CPU
		{1A23B22C-8CB9-4EF3-BD84-228F7565DFDD}.Release|Any CPU.ActiveCfg = Release R25|Any CPU
		{1A23B22C-8CB9-4EF3-BD84-228F7565DFDD}.Release|Any CPU.Build.0 = Release R25|Any CPU
		{FF3976BD-CED9-4704-BF7F-26FC0496A5B2}.Debug R25|Any CPU.ActiveCfg = Debug|Any CPU
		{FF3976BD-CED9-4704-BF7F-26FC0496A5B2}.Debug R25|Any CPU.Build.0 = Debug|Any CPU
		{FF3976BD-CED9-4704-BF7F-26FC0496A5B2}.Debug|Any CPU.ActiveCfg = Debug|Any CPU
		{FF3976BD-CED9-4704-BF7F-26FC0496A5B2}.Debug|Any CPU.Build.0 = Debug|Any CPU
		{FF3976BD-CED9-4704-BF7F-26FC0496A5B2}.Release R19|Any CPU.ActiveCfg = Release|Any CPU
		{FF3976BD-CED9-4704-BF7F-26FC0496A5B2}.Release R19|Any CPU.Build.0 = Release|Any CPU
		{FF3976BD-CED9-4704-BF7F-26FC0496A5B2}.Release R20|Any CPU.ActiveCfg = Release|Any CPU
		{FF3976BD-CED9-4704-BF7F-26FC0496A5B2}.Release R20|Any CPU.Build.0 = Release|Any CPU
		{FF3976BD-CED9-4704-BF7F-26FC0496A5B2}.Release R21|Any CPU.ActiveCfg = Release|Any CPU
		{FF3976BD-CED9-4704-BF7F-26FC0496A5B2}.Release R21|Any CPU.Build.0 = Release|Any CPU
		{FF3976BD-CED9-4704-BF7F-26FC0496A5B2}.Release R22|Any CPU.ActiveCfg = Release|Any CPU
		{FF3976BD-CED9-4704-BF7F-26FC0496A5B2}.Release R22|Any CPU.Build.0 = Release|Any CPU
		{FF3976BD-CED9-4704-BF7F-26FC0496A5B2}.Release R23|Any CPU.ActiveCfg = Release|Any CPU
		{FF3976BD-CED9-4704-BF7F-26FC0496A5B2}.Release R23|Any CPU.Build.0 = Release|Any CPU
		{FF3976BD-CED9-4704-BF7F-26FC0496A5B2}.Release R24|Any CPU.ActiveCfg = Release|Any CPU
		{FF3976BD-CED9-4704-BF7F-26FC0496A5B2}.Release R24|Any CPU.Build.0 = Release|Any CPU
		{FF3976BD-CED9-4704-BF7F-26FC0496A5B2}.Release R25|Any CPU.ActiveCfg = Release|Any CPU
		{FF3976BD-CED9-4704-BF7F-26FC0496A5B2}.Release R25|Any CPU.Build.0 = Release|Any CPU
		{FF3976BD-CED9-4704-BF7F-26FC0496A5B2}.Release|Any CPU.ActiveCfg = Release|Any CPU
		{FF3976BD-CED9-4704-BF7F-26FC0496A5B2}.Release|Any CPU.Build.0 = Release|Any CPU
	EndGlobalSection
	GlobalSection(SolutionProperties) = preSolution
		HideSolutionNode = FALSE
	EndGlobalSection
	GlobalSection(ExtensibilityGlobals) = postSolution
		SolutionGuid = {00A9C0F1-F46C-4F43-9ED8-C3495E366BFE}
	EndGlobalSection
EndGlobal
