
Microsoft Visual Studio Solution File, Format Version 12.00
# Visual Studio Version 17
VisualStudioVersion = 17.11.35219.272
MinimumVisualStudioVersion = 10.0.40219.1
Project("{9A19103F-16F7-4668-BE54-9A1E7A4F7556}") = "VLS.BatchExportNet", "VLS.BatchExportNet.csproj", "{C2E85348-6B1F-4E7B-80C6-E81056F58CCB}"
EndProject
Project("{FAE04EC0-301F-11D3-BF4B-00C04F79EFBC}") = "VLS.DriveFromOutside", "..\VLS.DriveFromOutside\VLS.DriveFromOutside.csproj", "{C75342F0-C2E3-4E93-A008-44798D15D9A5}"
EndProject
Global
	GlobalSection(SolutionConfigurationPlatforms) = preSolution
		Debug|Any CPU = Debug|Any CPU
		Release|Any CPU = Release|Any CPU
	EndGlobalSection
	GlobalSection(ProjectConfigurationPlatforms) = postSolution
		{C2E85348-6B1F-4E7B-80C6-E81056F58CCB}.Debug|Any CPU.ActiveCfg = Debug|Any CPU
		{C2E85348-6B1F-4E7B-80C6-E81056F58CCB}.Debug|Any CPU.Build.0 = Debug|Any CPU
		{C2E85348-6B1F-4E7B-80C6-E81056F58CCB}.Release|Any CPU.ActiveCfg = Release|Any CPU
		{C2E85348-6B1F-4E7B-80C6-E81056F58CCB}.Release|Any CPU.Build.0 = Release|Any CPU
		{C75342F0-C2E3-4E93-A008-44798D15D9A5}.Debug|Any CPU.ActiveCfg = Debug|Any CPU
		{C75342F0-C2E3-4E93-A008-44798D15D9A5}.Debug|Any CPU.Build.0 = Debug|Any CPU
		{C75342F0-C2E3-4E93-A008-44798D15D9A5}.Release|Any CPU.ActiveCfg = Release|Any CPU
		{C75342F0-C2E3-4E93-A008-44798D15D9A5}.Release|Any CPU.Build.0 = Release|Any CPU
	EndGlobalSection
	GlobalSection(SolutionProperties) = preSolution
		HideSolutionNode = FALSE
	EndGlobalSection
	GlobalSection(ExtensibilityGlobals) = postSolution
		SolutionGuid = {00A9C0F1-F46C-4F43-9ED8-C3495E366BFE}
	EndGlobalSection
EndGlobal
