
Microsoft Visual Studio Solution File, Format Version 12.00
# Visual Studio Version 17
VisualStudioVersion = 17.11.35219.272
MinimumVisualStudioVersion = 10.0.40219.1
Project("{2150E333-8FDC-42A3-9474-1A3956D46DE8}") = "Элементы решения", "Элементы решения", "{8DCACD1D-AF90-44D2-84B0-A04D09370584}"
	ProjectSection(SolutionItems) = preProject
		.gitattributes = .gitattributes
		.gitignore = .gitignore
	EndProjectSection
EndProject
Project("{9A19103F-16F7-4668-BE54-9A1E7A4F7556}") = "BatchExportNet", "BatchExportNet\BatchExportNet.csproj", "{5FA12226-B37E-4ED0-AD29-DDEAA6C86E6F}"
EndProject
Project("{9A19103F-16F7-4668-BE54-9A1E7A4F7556}") = "DriveFromOutside", "DriveFromOutside\DriveFromOutside.csproj", "{169BD492-F4AC-43D8-8AB5-FB1A058B3BE5}"
EndProject
Global
	GlobalSection(SolutionConfigurationPlatforms) = preSolution
		Debug R22|Any CPU = Debug R22|Any CPU
		Debug R23|Any CPU = Debug R23|Any CPU
		Debug R24|Any CPU = Debug R24|Any CPU
		Debug R25|Any CPU = Debug R25|Any CPU
		Release R22|Any CPU = Release R22|Any CPU
		Release R23|Any CPU = Release R23|Any CPU
		Release R24|Any CPU = Release R24|Any CPU
		Release R25|Any CPU = Release R25|Any CPU
	EndGlobalSection
	GlobalSection(ProjectConfigurationPlatforms) = postSolution
		{5FA12226-B37E-4ED0-AD29-DDEAA6C86E6F}.Debug R22|Any CPU.ActiveCfg = Debug|Any CPU
		{5FA12226-B37E-4ED0-AD29-DDEAA6C86E6F}.Debug R22|Any CPU.Build.0 = Debug|Any CPU
		{5FA12226-B37E-4ED0-AD29-DDEAA6C86E6F}.Debug R23|Any CPU.ActiveCfg = Debug|Any CPU
		{5FA12226-B37E-4ED0-AD29-DDEAA6C86E6F}.Debug R23|Any CPU.Build.0 = Debug|Any CPU
		{5FA12226-B37E-4ED0-AD29-DDEAA6C86E6F}.Debug R24|Any CPU.ActiveCfg = Debug|Any CPU
		{5FA12226-B37E-4ED0-AD29-DDEAA6C86E6F}.Debug R24|Any CPU.Build.0 = Debug|Any CPU
		{5FA12226-B37E-4ED0-AD29-DDEAA6C86E6F}.Debug R25|Any CPU.ActiveCfg = Debug|Any CPU
		{5FA12226-B37E-4ED0-AD29-DDEAA6C86E6F}.Debug R25|Any CPU.Build.0 = Debug|Any CPU
		{5FA12226-B37E-4ED0-AD29-DDEAA6C86E6F}.Release R22|Any CPU.ActiveCfg = Release R25|Any CPU
		{5FA12226-B37E-4ED0-AD29-DDEAA6C86E6F}.Release R22|Any CPU.Build.0 = Release R25|Any CPU
		{5FA12226-B37E-4ED0-AD29-DDEAA6C86E6F}.Release R23|Any CPU.ActiveCfg = Release|Any CPU
		{5FA12226-B37E-4ED0-AD29-DDEAA6C86E6F}.Release R23|Any CPU.Build.0 = Release|Any CPU
		{5FA12226-B37E-4ED0-AD29-DDEAA6C86E6F}.Release R24|Any CPU.ActiveCfg = Release|Any CPU
		{5FA12226-B37E-4ED0-AD29-DDEAA6C86E6F}.Release R24|Any CPU.Build.0 = Release|Any CPU
		{5FA12226-B37E-4ED0-AD29-DDEAA6C86E6F}.Release R25|Any CPU.ActiveCfg = Release R25|Any CPU
		{5FA12226-B37E-4ED0-AD29-DDEAA6C86E6F}.Release R25|Any CPU.Build.0 = Release R25|Any CPU
		{169BD492-F4AC-43D8-8AB5-FB1A058B3BE5}.Debug R22|Any CPU.ActiveCfg = Debug|Any CPU
		{169BD492-F4AC-43D8-8AB5-FB1A058B3BE5}.Debug R22|Any CPU.Build.0 = Debug|Any CPU
		{169BD492-F4AC-43D8-8AB5-FB1A058B3BE5}.Debug R23|Any CPU.ActiveCfg = Debug|Any CPU
		{169BD492-F4AC-43D8-8AB5-FB1A058B3BE5}.Debug R23|Any CPU.Build.0 = Debug|Any CPU
		{169BD492-F4AC-43D8-8AB5-FB1A058B3BE5}.Debug R24|Any CPU.ActiveCfg = Debug|Any CPU
		{169BD492-F4AC-43D8-8AB5-FB1A058B3BE5}.Debug R24|Any CPU.Build.0 = Debug|Any CPU
		{169BD492-F4AC-43D8-8AB5-FB1A058B3BE5}.Debug R25|Any CPU.ActiveCfg = Debug|Any CPU
		{169BD492-F4AC-43D8-8AB5-FB1A058B3BE5}.Debug R25|Any CPU.Build.0 = Debug|Any CPU
		{169BD492-F4AC-43D8-8AB5-FB1A058B3BE5}.Release R22|Any CPU.ActiveCfg = Release R25|Any CPU
		{169BD492-F4AC-43D8-8AB5-FB1A058B3BE5}.Release R22|Any CPU.Build.0 = Release R25|Any CPU
		{169BD492-F4AC-43D8-8AB5-FB1A058B3BE5}.Release R23|Any CPU.ActiveCfg = Release|Any CPU
		{169BD492-F4AC-43D8-8AB5-FB1A058B3BE5}.Release R23|Any CPU.Build.0 = Release|Any CPU
		{169BD492-F4AC-43D8-8AB5-FB1A058B3BE5}.Release R24|Any CPU.ActiveCfg = Release|Any CPU
		{169BD492-F4AC-43D8-8AB5-FB1A058B3BE5}.Release R24|Any CPU.Build.0 = Release|Any CPU
		{169BD492-F4AC-43D8-8AB5-FB1A058B3BE5}.Release R25|Any CPU.ActiveCfg = Release R25|Any CPU
		{169BD492-F4AC-43D8-8AB5-FB1A058B3BE5}.Release R25|Any CPU.Build.0 = Release R25|Any CPU
	EndGlobalSection
	GlobalSection(SolutionProperties) = preSolution
		HideSolutionNode = FALSE
	EndGlobalSection
	GlobalSection(ExtensibilityGlobals) = postSolution
		SolutionGuid = {00A9C0F1-F46C-4F43-9ED8-C3495E366BFE}
	EndGlobalSection
EndGlobal
